
Microsoft Visual Studio Solution File, Format Version 12.00
# Visual Studio Version 16
VisualStudioVersion = 25.0.1704.0
MinimumVisualStudioVersion = 10.0.40219.1
Project("{FAE04EC0-301F-11D3-BF4B-00C04F79EFBC}") = "Processor", "src\Processor\Processor.csproj", "{3FA9E2B3-6019-435A-8403-B55815E3CF74}"
	ProjectSection(SolutionItems) = preProject
		.editorconfig = .editorconfig
	EndProjectSection
EndProject
Project("{FAE04EC0-301F-11D3-BF4B-00C04F79EFBC}") = "Processor.UnitTests", "src\Processor.UnitTests\Processor.UnitTests.csproj", "{2884D011-6C7A-49D2-8015-BEAA74A4741F}"
	ProjectSection(SolutionItems) = preProject
		.editorconfig = .editorconfig
	EndProjectSection
EndProject
Project("{FAE04EC0-301F-11D3-BF4B-00C04F79EFBC}") = "Simulator", "src\Simulator\Simulator.csproj", "{3ED88A0F-97E1-436C-89C7-CDBFDC91BDE1}"
	ProjectSection(SolutionItems) = preProject
		.editorconfig = .editorconfig
	EndProjectSection
EndProject
Global
	GlobalSection(SolutionConfigurationPlatforms) = preSolution
		Debug|Any CPU = Debug|Any CPU
		Release|Any CPU = Release|Any CPU
	EndGlobalSection
	GlobalSection(ProjectConfigurationPlatforms) = postSolution
		{3FA9E2B3-6019-435A-8403-B55815E3CF74}.Debug|Any CPU.ActiveCfg = Debug|Any CPU
		{3FA9E2B3-6019-435A-8403-B55815E3CF74}.Debug|Any CPU.Build.0 = Debug|Any CPU
		{3FA9E2B3-6019-435A-8403-B55815E3CF74}.Release|Any CPU.ActiveCfg = Release|Any CPU
		{3FA9E2B3-6019-435A-8403-B55815E3CF74}.Release|Any CPU.Build.0 = Release|Any CPU
		{2884D011-6C7A-49D2-8015-BEAA74A4741F}.Debug|Any CPU.ActiveCfg = Debug|Any CPU
		{2884D011-6C7A-49D2-8015-BEAA74A4741F}.Debug|Any CPU.Build.0 = Debug|Any CPU
		{2884D011-6C7A-49D2-8015-BEAA74A4741F}.Release|Any CPU.ActiveCfg = Release|Any CPU
		{2884D011-6C7A-49D2-8015-BEAA74A4741F}.Release|Any CPU.Build.0 = Release|Any CPU
		{3ED88A0F-97E1-436C-89C7-CDBFDC91BDE1}.Debug|Any CPU.ActiveCfg = Debug|Any CPU
		{3ED88A0F-97E1-436C-89C7-CDBFDC91BDE1}.Debug|Any CPU.Build.0 = Debug|Any CPU
		{3ED88A0F-97E1-436C-89C7-CDBFDC91BDE1}.Release|Any CPU.ActiveCfg = Release|Any CPU
		{3ED88A0F-97E1-436C-89C7-CDBFDC91BDE1}.Release|Any CPU.Build.0 = Release|Any CPU
	EndGlobalSection
EndGlobal
